
Microsoft Visual Studio Solution File, Format Version 12.00
# Visual Studio Version 16
VisualStudioVersion = 16.0.29409.12
MinimumVisualStudioVersion = 15.0.26124.0
Project("{9A19103F-16F7-4668-BE54-9A1E7A4F7556}") = "API", "API\API.csproj", "{6F265785-AFF2-428B-8840-0ED3724566EE}"
EndProject
Project("{9A19103F-16F7-4668-BE54-9A1E7A4F7556}") = "Application", "Application\Application.csproj", "{FF986CB5-0EE3-4915-A767-14C1ACD50120}"
EndProject
Project("{FAE04EC0-301F-11D3-BF4B-00C04F79EFBC}") = "Domain", "Domain\Domain.csproj", "{08311B22-D720-420A-98B6-B93CEC01778E}"
EndProject
Project("{FAE04EC0-301F-11D3-BF4B-00C04F79EFBC}") = "Persistence", "Persistence\Persistence.csproj", "{303F1670-6D2D-4756-BE52-342841150D0C}"
EndProject
Global
	GlobalSection(SolutionConfigurationPlatforms) = preSolution
		Debug|Any CPU = Debug|Any CPU
		Debug|x64 = Debug|x64
		Debug|x86 = Debug|x86
		Release|Any CPU = Release|Any CPU
		Release|x64 = Release|x64
		Release|x86 = Release|x86
	EndGlobalSection
	GlobalSection(ProjectConfigurationPlatforms) = postSolution
		{6F265785-AFF2-428B-8840-0ED3724566EE}.Debug|Any CPU.ActiveCfg = Debug|Any CPU
		{6F265785-AFF2-428B-8840-0ED3724566EE}.Debug|Any CPU.Build.0 = Debug|Any CPU
		{6F265785-AFF2-428B-8840-0ED3724566EE}.Debug|x64.ActiveCfg = Debug|Any CPU
		{6F265785-AFF2-428B-8840-0ED3724566EE}.Debug|x64.Build.0 = Debug|Any CPU
		{6F265785-AFF2-428B-8840-0ED3724566EE}.Debug|x86.ActiveCfg = Debug|Any CPU
		{6F265785-AFF2-428B-8840-0ED3724566EE}.Debug|x86.Build.0 = Debug|Any CPU
		{6F265785-AFF2-428B-8840-0ED3724566EE}.Release|Any CPU.ActiveCfg = Release|Any CPU
		{6F265785-AFF2-428B-8840-0ED3724566EE}.Release|Any CPU.Build.0 = Release|Any CPU
		{6F265785-AFF2-428B-8840-0ED3724566EE}.Release|x64.ActiveCfg = Release|Any CPU
		{6F265785-AFF2-428B-8840-0ED3724566EE}.Release|x64.Build.0 = Release|Any CPU
		{6F265785-AFF2-428B-8840-0ED3724566EE}.Release|x86.ActiveCfg = Release|Any CPU
		{6F265785-AFF2-428B-8840-0ED3724566EE}.Release|x86.Build.0 = Release|Any CPU
		{FF986CB5-0EE3-4915-A767-14C1ACD50120}.Debug|Any CPU.ActiveCfg = Debug|Any CPU
		{FF986CB5-0EE3-4915-A767-14C1ACD50120}.Debug|Any CPU.Build.0 = Debug|Any CPU
		{FF986CB5-0EE3-4915-A767-14C1ACD50120}.Debug|x64.ActiveCfg = Debug|Any CPU
		{FF986CB5-0EE3-4915-A767-14C1ACD50120}.Debug|x64.Build.0 = Debug|Any CPU
		{FF986CB5-0EE3-4915-A767-14C1ACD50120}.Debug|x86.ActiveCfg = Debug|Any CPU
		{FF986CB5-0EE3-4915-A767-14C1ACD50120}.Debug|x86.Build.0 = Debug|Any CPU
		{FF986CB5-0EE3-4915-A767-14C1ACD50120}.Release|Any CPU.ActiveCfg = Release|Any CPU
		{FF986CB5-0EE3-4915-A767-14C1ACD50120}.Release|Any CPU.Build.0 = Release|Any CPU
		{FF986CB5-0EE3-4915-A767-14C1ACD50120}.Release|x64.ActiveCfg = Release|Any CPU
		{FF986CB5-0EE3-4915-A767-14C1ACD50120}.Release|x64.Build.0 = Release|Any CPU
		{FF986CB5-0EE3-4915-A767-14C1ACD50120}.Release|x86.ActiveCfg = Release|Any CPU
		{FF986CB5-0EE3-4915-A767-14C1ACD50120}.Release|x86.Build.0 = Release|Any CPU
		{08311B22-D720-420A-98B6-B93CEC01778E}.Debug|Any CPU.ActiveCfg = Debug|Any CPU
		{08311B22-D720-420A-98B6-B93CEC01778E}.Debug|Any CPU.Build.0 = Debug|Any CPU
		{08311B22-D720-420A-98B6-B93CEC01778E}.Debug|x64.ActiveCfg = Debug|Any CPU
		{08311B22-D720-420A-98B6-B93CEC01778E}.Debug|x64.Build.0 = Debug|Any CPU
		{08311B22-D720-420A-98B6-B93CEC01778E}.Debug|x86.ActiveCfg = Debug|Any CPU
		{08311B22-D720-420A-98B6-B93CEC01778E}.Debug|x86.Build.0 = Debug|Any CPU
		{08311B22-D720-420A-98B6-B93CEC01778E}.Release|Any CPU.ActiveCfg = Release|Any CPU
		{08311B22-D720-420A-98B6-B93CEC01778E}.Release|Any CPU.Build.0 = Release|Any CPU
		{08311B22-D720-420A-98B6-B93CEC01778E}.Release|x64.ActiveCfg = Release|Any CPU
		{08311B22-D720-420A-98B6-B93CEC01778E}.Release|x64.Build.0 = Release|Any CPU
		{08311B22-D720-420A-98B6-B93CEC01778E}.Release|x86.ActiveCfg = Release|Any CPU
		{08311B22-D720-420A-98B6-B93CEC01778E}.Release|x86.Build.0 = Release|Any CPU
		{303F1670-6D2D-4756-BE52-342841150D0C}.Debug|Any CPU.ActiveCfg = Debug|Any CPU
		{303F1670-6D2D-4756-BE52-342841150D0C}.Debug|Any CPU.Build.0 = Debug|Any CPU
		{303F1670-6D2D-4756-BE52-342841150D0C}.Debug|x64.ActiveCfg = Debug|Any CPU
		{303F1670-6D2D-4756-BE52-342841150D0C}.Debug|x64.Build.0 = Debug|Any CPU
		{303F1670-6D2D-4756-BE52-342841150D0C}.Debug|x86.ActiveCfg = Debug|Any CPU
		{303F1670-6D2D-4756-BE52-342841150D0C}.Debug|x86.Build.0 = Debug|Any CPU
		{303F1670-6D2D-4756-BE52-342841150D0C}.Release|Any CPU.ActiveCfg = Release|Any CPU
		{303F1670-6D2D-4756-BE52-342841150D0C}.Release|Any CPU.Build.0 = Release|Any CPU
		{303F1670-6D2D-4756-BE52-342841150D0C}.Release|x64.ActiveCfg = Release|Any CPU
		{303F1670-6D2D-4756-BE52-342841150D0C}.Release|x64.Build.0 = Release|Any CPU
		{303F1670-6D2D-4756-BE52-342841150D0C}.Release|x86.ActiveCfg = Release|Any CPU
		{303F1670-6D2D-4756-BE52-342841150D0C}.Release|x86.Build.0 = Release|Any CPU
	EndGlobalSection
	GlobalSection(SolutionProperties) = preSolution
		HideSolutionNode = FALSE
	EndGlobalSection
	GlobalSection(ExtensibilityGlobals) = postSolution
		SolutionGuid = {C789B54B-5961-49AC-8444-4941CEB00385}
	EndGlobalSection
EndGlobal
